// !$*UTF8*$!
{
	archiveVersion = 1;
	classes = {
	};
	objectVersion = 51;
	objects = {

/* Begin PBXBuildFile section */
		4222FF5425E3B81700953B00 /* StockModel.swift in Sources */ = {isa = PBXBuildFile; fileRef = 4222FF5325E3B81700953B00 /* StockModel.swift */; };
		4222FF8D25E3FF0400953B00 /* NetworkService.swift in Sources */ = {isa = PBXBuildFile; fileRef = 4222FF8C25E3FF0400953B00 /* NetworkService.swift */; };
		4267982525E78A5200871704 /* SceneDelegate.swift in Sources */ = {isa = PBXBuildFile; fileRef = 4267982425E78A5200871704 /* SceneDelegate.swift */; };
		4267983C25E7915200871704 /* StorageManager.swift in Sources */ = {isa = PBXBuildFile; fileRef = 4267983B25E7915200871704 /* StorageManager.swift */; };
		426E48CA25EABC3E00183163 /* NetworkDataFetcher.swift in Sources */ = {isa = PBXBuildFile; fileRef = 426E48C925EABC3E00183163 /* NetworkDataFetcher.swift */; };
		426E48FB25EBAD9D00183163 /* TableViewCellsAnimation.swift in Sources */ = {isa = PBXBuildFile; fileRef = 426E48FA25EBAD9D00183163 /* TableViewCellsAnimation.swift */; };
		42759FBE25DD705C00445ED4 /* AppDelegate.swift in Sources */ = {isa = PBXBuildFile; fileRef = 42759FBD25DD705C00445ED4 /* AppDelegate.swift */; };
		42759FC225DD705C00445ED4 /* MainViewController.swift in Sources */ = {isa = PBXBuildFile; fileRef = 42759FC125DD705C00445ED4 /* MainViewController.swift */; };
		42759FC525DD705C00445ED4 /* Main.storyboard in Resources */ = {isa = PBXBuildFile; fileRef = 42759FC325DD705C00445ED4 /* Main.storyboard */; };
		42759FC725DD705F00445ED4 /* Assets.xcassets in Resources */ = {isa = PBXBuildFile; fileRef = 42759FC625DD705F00445ED4 /* Assets.xcassets */; };
		42759FCA25DD705F00445ED4 /* LaunchScreen.storyboard in Resources */ = {isa = PBXBuildFile; fileRef = 42759FC825DD705F00445ED4 /* LaunchScreen.storyboard */; };
		42759FD425DD70F200445ED4 /* MainTableViewCell.swift in Sources */ = {isa = PBXBuildFile; fileRef = 42759FD325DD70F200445ED4 /* MainTableViewCell.swift */; };
		42A4CC9525DFFEDC0047071C /* Montserrat_Medium.ttf in Resources */ = {isa = PBXBuildFile; fileRef = 42A4CC9425DFFEDC0047071C /* Montserrat_Medium.ttf */; };
		42A4CC9825DFFEE70047071C /* Montserrat_Bold.ttf in Resources */ = {isa = PBXBuildFile; fileRef = 42A4CC9725DFFEE70047071C /* Montserrat_Bold.ttf */; };
		42A4CC9D25E018090047071C /* Extensions.swift in Sources */ = {isa = PBXBuildFile; fileRef = 42A4CC9C25E018090047071C /* Extensions.swift */; };
		42A4CCA025E023980047071C /* Montserrat-SemiBold.ttf in Resources */ = {isa = PBXBuildFile; fileRef = 42A4CC9F25E023980047071C /* Montserrat-SemiBold.ttf */; };
		DAA443D98F6E7085448107D9 /* Pods_stocks.framework in Frameworks */ = {isa = PBXBuildFile; fileRef = 5592975B3311A7A4D0627437 /* Pods_stocks.framework */; };
/* End PBXBuildFile section */

/* Begin PBXFileReference section */
		4222FF5325E3B81700953B00 /* StockModel.swift */ = {isa = PBXFileReference; lastKnownFileType = sourcecode.swift; path = StockModel.swift; sourceTree = "<group>"; };
		4222FF8C25E3FF0400953B00 /* NetworkService.swift */ = {isa = PBXFileReference; lastKnownFileType = sourcecode.swift; path = NetworkService.swift; sourceTree = "<group>"; };
		4267982425E78A5200871704 /* SceneDelegate.swift */ = {isa = PBXFileReference; lastKnownFileType = sourcecode.swift; name = SceneDelegate.swift; path = ../SceneDelegate.swift; sourceTree = "<group>"; };
		4267983B25E7915200871704 /* StorageManager.swift */ = {isa = PBXFileReference; lastKnownFileType = sourcecode.swift; path = StorageManager.swift; sourceTree = "<group>"; };
		426E48C925EABC3E00183163 /* NetworkDataFetcher.swift */ = {isa = PBXFileReference; lastKnownFileType = sourcecode.swift; path = NetworkDataFetcher.swift; sourceTree = "<group>"; };
		426E48FA25EBAD9D00183163 /* TableViewCellsAnimation.swift */ = {isa = PBXFileReference; lastKnownFileType = sourcecode.swift; path = TableViewCellsAnimation.swift; sourceTree = "<group>"; };
		42759FBA25DD705C00445ED4 /* stocks.app */ = {isa = PBXFileReference; explicitFileType = wrapper.application; includeInIndex = 0; path = stocks.app; sourceTree = BUILT_PRODUCTS_DIR; };
		42759FBD25DD705C00445ED4 /* AppDelegate.swift */ = {isa = PBXFileReference; lastKnownFileType = sourcecode.swift; path = AppDelegate.swift; sourceTree = "<group>"; };
		42759FC125DD705C00445ED4 /* MainViewController.swift */ = {isa = PBXFileReference; lastKnownFileType = sourcecode.swift; path = MainViewController.swift; sourceTree = "<group>"; };
		42759FC425DD705C00445ED4 /* Base */ = {isa = PBXFileReference; lastKnownFileType = file.storyboard; name = Base; path = Base.lproj/Main.storyboard; sourceTree = "<group>"; };
		42759FC625DD705F00445ED4 /* Assets.xcassets */ = {isa = PBXFileReference; lastKnownFileType = folder.assetcatalog; path = Assets.xcassets; sourceTree = "<group>"; };
		42759FC925DD705F00445ED4 /* Base */ = {isa = PBXFileReference; lastKnownFileType = file.storyboard; name = Base; path = Base.lproj/LaunchScreen.storyboard; sourceTree = "<group>"; };
		42759FCB25DD705F00445ED4 /* Info.plist */ = {isa = PBXFileReference; lastKnownFileType = text.plist.xml; path = Info.plist; sourceTree = "<group>"; };
		42759FD325DD70F200445ED4 /* MainTableViewCell.swift */ = {isa = PBXFileReference; lastKnownFileType = sourcecode.swift; path = MainTableViewCell.swift; sourceTree = "<group>"; };
		42A4CC9425DFFEDC0047071C /* Montserrat_Medium.ttf */ = {isa = PBXFileReference; lastKnownFileType = file; name = Montserrat_Medium.ttf; path = ../../../../../Downloads/Montserrat/Montserrat_Medium.ttf; sourceTree = "<group>"; };
		42A4CC9725DFFEE70047071C /* Montserrat_Bold.ttf */ = {isa = PBXFileReference; lastKnownFileType = file; name = Montserrat_Bold.ttf; path = ../../../../../Downloads/Montserrat/Montserrat_Bold.ttf; sourceTree = "<group>"; };
		42A4CC9C25E018090047071C /* Extensions.swift */ = {isa = PBXFileReference; lastKnownFileType = sourcecode.swift; path = Extensions.swift; sourceTree = "<group>"; };
		42A4CC9F25E023980047071C /* Montserrat-SemiBold.ttf */ = {isa = PBXFileReference; lastKnownFileType = file; name = "Montserrat-SemiBold.ttf"; path = "../../../../../Downloads/Montserrat/Montserrat-SemiBold.ttf"; sourceTree = "<group>"; };
		5592975B3311A7A4D0627437 /* Pods_stocks.framework */ = {isa = PBXFileReference; explicitFileType = wrapper.framework; includeInIndex = 0; path = Pods_stocks.framework; sourceTree = BUILT_PRODUCTS_DIR; };
		A9385EBB565E83853CC7C969 /* Pods-stocks.debug.xcconfig */ = {isa = PBXFileReference; includeInIndex = 1; lastKnownFileType = text.xcconfig; name = "Pods-stocks.debug.xcconfig"; path = "Target Support Files/Pods-stocks/Pods-stocks.debug.xcconfig"; sourceTree = "<group>"; };
		EC437869568233953C03C001 /* Pods-stocks.release.xcconfig */ = {isa = PBXFileReference; includeInIndex = 1; lastKnownFileType = text.xcconfig; name = "Pods-stocks.release.xcconfig"; path = "Target Support Files/Pods-stocks/Pods-stocks.release.xcconfig"; sourceTree = "<group>"; };
/* End PBXFileReference section */

/* Begin PBXFrameworksBuildPhase section */
		42759FB725DD705C00445ED4 /* Frameworks */ = {
			isa = PBXFrameworksBuildPhase;
			buildActionMask = 2147483647;
			files = (
				DAA443D98F6E7085448107D9 /* Pods_stocks.framework in Frameworks */,
			);
			runOnlyForDeploymentPostprocessing = 0;
		};
/* End PBXFrameworksBuildPhase section */

/* Begin PBXGroup section */
		31509EA89244BBDBB07D6E8E /* Frameworks */ = {
			isa = PBXGroup;
			children = (
				5592975B3311A7A4D0627437 /* Pods_stocks.framework */,
			);
			name = Frameworks;
			sourceTree = "<group>";
		};
		4222FF9725E4204200953B00 /* Service */ = {
			isa = PBXGroup;
			children = (
				4222FF8C25E3FF0400953B00 /* NetworkService.swift */,
				426E48C925EABC3E00183163 /* NetworkDataFetcher.swift */,
			);
			path = Service;
			sourceTree = "<group>";
		};
		4222FF9825E4205400953B00 /* Controller */ = {
			isa = PBXGroup;
			children = (
				4267983125E78E1600871704 /* Main Menu */,
			);
			path = Controller;
			sourceTree = "<group>";
		};
		4222FF9925E4206100953B00 /* View */ = {
			isa = PBXGroup;
			children = (
				4267983325E78E2400871704 /* Main Menu */,
				426E48FD25EBADA600183163 /* Animation */,
			);
			path = View;
			sourceTree = "<group>";
		};
		4222FF9B25E4206C00953B00 /* Model */ = {
			isa = PBXGroup;
			children = (
				4222FF5325E3B81700953B00 /* StockModel.swift */,
				4267983B25E7915200871704 /* StorageManager.swift */,
			);
			path = Model;
			sourceTree = "<group>";
		};
		4267982E25E78B6D00871704 /* Storyboard */ = {
			isa = PBXGroup;
			children = (
				42759FC325DD705C00445ED4 /* Main.storyboard */,
				42759FC825DD705F00445ED4 /* LaunchScreen.storyboard */,
			);
			path = Storyboard;
			sourceTree = "<group>";
		};
		4267983125E78E1600871704 /* Main Menu */ = {
			isa = PBXGroup;
			children = (
				42759FC125DD705C00445ED4 /* MainViewController.swift */,
			);
			path = "Main Menu";
			sourceTree = "<group>";
		};
		4267983325E78E2400871704 /* Main Menu */ = {
			isa = PBXGroup;
			children = (
				42759FD325DD70F200445ED4 /* MainTableViewCell.swift */,
			);
			path = "Main Menu";
			sourceTree = "<group>";
		};
		426E48FD25EBADA600183163 /* Animation */ = {
			isa = PBXGroup;
			children = (
				426E48FA25EBAD9D00183163 /* TableViewCellsAnimation.swift */,
			);
			path = Animation;
			sourceTree = "<group>";
		};
		42759FB125DD705C00445ED4 = {
			isa = PBXGroup;
			children = (
				42759FBC25DD705C00445ED4 /* stocks */,
				42759FBB25DD705C00445ED4 /* Products */,
				784E6A4085EA221F2F21F521 /* Pods */,
				31509EA89244BBDBB07D6E8E /* Frameworks */,
			);
			sourceTree = "<group>";
		};
		42759FBB25DD705C00445ED4 /* Products */ = {
			isa = PBXGroup;
			children = (
				42759FBA25DD705C00445ED4 /* stocks.app */,
			);
			name = Products;
			sourceTree = "<group>";
		};
		42759FBC25DD705C00445ED4 /* stocks */ = {
			isa = PBXGroup;
			children = (
				42A4CC8F25DFF9DC0047071C /* Extensions */,
				42F7DEC125E787F2008E5097 /* Common */,
				4222FF9825E4205400953B00 /* Controller */,
				4222FF9725E4204200953B00 /* Service */,
				4222FF9925E4206100953B00 /* View */,
				4222FF9B25E4206C00953B00 /* Model */,
				42759FC625DD705F00445ED4 /* Assets.xcassets */,
				42759FCB25DD705F00445ED4 /* Info.plist */,
			);
			path = stocks;
			sourceTree = "<group>";
		};
		42A4CC8F25DFF9DC0047071C /* Extensions */ = {
			isa = PBXGroup;
			children = (
				42A4CC9325DFFEBA0047071C /* Fonts */,
				42A4CC9C25E018090047071C /* Extensions.swift */,
			);
			path = Extensions;
			sourceTree = "<group>";
		};
		42A4CC9325DFFEBA0047071C /* Fonts */ = {
			isa = PBXGroup;
			children = (
				42A4CC9F25E023980047071C /* Montserrat-SemiBold.ttf */,
				42A4CC9725DFFEE70047071C /* Montserrat_Bold.ttf */,
				42A4CC9425DFFEDC0047071C /* Montserrat_Medium.ttf */,
			);
			path = Fonts;
			sourceTree = "<group>";
		};
		42F7DEC125E787F2008E5097 /* Common */ = {
			isa = PBXGroup;
			children = (
				4267982E25E78B6D00871704 /* Storyboard */,
				42759FBD25DD705C00445ED4 /* AppDelegate.swift */,
				4267982425E78A5200871704 /* SceneDelegate.swift */,
			);
			path = Common;
			sourceTree = "<group>";
		};
		784E6A4085EA221F2F21F521 /* Pods */ = {
			isa = PBXGroup;
			children = (
				A9385EBB565E83853CC7C969 /* Pods-stocks.debug.xcconfig */,
				EC437869568233953C03C001 /* Pods-stocks.release.xcconfig */,
			);
			path = Pods;
			sourceTree = "<group>";
		};
/* End PBXGroup section */

/* Begin PBXNativeTarget section */
		42759FB925DD705C00445ED4 /* stocks */ = {
			isa = PBXNativeTarget;
			buildConfigurationList = 42759FCE25DD705F00445ED4 /* Build configuration list for PBXNativeTarget "stocks" */;
			buildPhases = (
				B3EB3388581B0A9D95EC77FE /* [CP] Check Pods Manifest.lock */,
				4222FF1C25E2DE9300953B00 /* ShellScript */,
				42759FB625DD705C00445ED4 /* Sources */,
				42759FB725DD705C00445ED4 /* Frameworks */,
				42759FB825DD705C00445ED4 /* Resources */,
				CC18CBD6860A770F8CD5BD12 /* [CP] Embed Pods Frameworks */,
			);
			buildRules = (
			);
			dependencies = (
			);
			name = stocks;
			packageProductDependencies = (
			);
			productName = stocks;
			productReference = 42759FBA25DD705C00445ED4 /* stocks.app */;
			productType = "com.apple.product-type.application";
		};
/* End PBXNativeTarget section */

/* Begin PBXProject section */
		42759FB225DD705C00445ED4 /* Project object */ = {
			isa = PBXProject;
			attributes = {
				LastSwiftUpdateCheck = 1230;
				LastUpgradeCheck = 1230;
				TargetAttributes = {
					42759FB925DD705C00445ED4 = {
						CreatedOnToolsVersion = 12.3;
					};
				};
			};
			buildConfigurationList = 42759FB525DD705C00445ED4 /* Build configuration list for PBXProject "stocks" */;
			compatibilityVersion = "Xcode 9.3";
			developmentRegion = en;
			hasScannedForEncodings = 0;
			knownRegions = (
				en,
				Base,
			);
			mainGroup = 42759FB125DD705C00445ED4;
			packageReferences = (
			);
			productRefGroup = 42759FBB25DD705C00445ED4 /* Products */;
			projectDirPath = "";
			projectRoot = "";
			targets = (
				42759FB925DD705C00445ED4 /* stocks */,
			);
		};
/* End PBXProject section */

/* Begin PBXResourcesBuildPhase section */
		42759FB825DD705C00445ED4 /* Resources */ = {
			isa = PBXResourcesBuildPhase;
			buildActionMask = 2147483647;
			files = (
				42A4CCA025E023980047071C /* Montserrat-SemiBold.ttf in Resources */,
				42A4CC9825DFFEE70047071C /* Montserrat_Bold.ttf in Resources */,
				42759FCA25DD705F00445ED4 /* LaunchScreen.storyboard in Resources */,
				42759FC725DD705F00445ED4 /* Assets.xcassets in Resources */,
				42A4CC9525DFFEDC0047071C /* Montserrat_Medium.ttf in Resources */,
				42759FC525DD705C00445ED4 /* Main.storyboard in Resources */,
			);
			runOnlyForDeploymentPostprocessing = 0;
		};
/* End PBXResourcesBuildPhase section */

/* Begin PBXShellScriptBuildPhase section */
		4222FF1C25E2DE9300953B00 /* ShellScript */ = {
			isa = PBXShellScriptBuildPhase;
			buildActionMask = 2147483647;
			files = (
			);
			inputFileListPaths = (
			);
			inputPaths = (
			);
			outputFileListPaths = (
			);
			outputPaths = (
			);
			runOnlyForDeploymentPostprocessing = 0;
			shellPath = /bin/sh;
			shellScript = "\"${PODS_ROOT}/SwiftFormat/CommandLineTool/swiftformat\" \"$SRCROOT\"\n";
		};
		B3EB3388581B0A9D95EC77FE /* [CP] Check Pods Manifest.lock */ = {
			isa = PBXShellScriptBuildPhase;
			buildActionMask = 2147483647;
			files = (
			);
			inputFileListPaths = (
			);
			inputPaths = (
				"${PODS_PODFILE_DIR_PATH}/Podfile.lock",
				"${PODS_ROOT}/Manifest.lock",
			);
			name = "[CP] Check Pods Manifest.lock";
			outputFileListPaths = (
			);
			outputPaths = (
				"$(DERIVED_FILE_DIR)/Pods-stocks-checkManifestLockResult.txt",
			);
			runOnlyForDeploymentPostprocessing = 0;
			shellPath = /bin/sh;
			shellScript = "diff \"${PODS_PODFILE_DIR_PATH}/Podfile.lock\" \"${PODS_ROOT}/Manifest.lock\" > /dev/null\nif [ $? != 0 ] ; then\n    # print error to STDERR\n    echo \"error: The sandbox is not in sync with the Podfile.lock. Run 'pod install' or update your CocoaPods installation.\" >&2\n    exit 1\nfi\n# This output is used by Xcode 'outputs' to avoid re-running this script phase.\necho \"SUCCESS\" > \"${SCRIPT_OUTPUT_FILE_0}\"\n";
			showEnvVarsInLog = 0;
		};
		CC18CBD6860A770F8CD5BD12 /* [CP] Embed Pods Frameworks */ = {
			isa = PBXShellScriptBuildPhase;
			buildActionMask = 2147483647;
			files = (
			);
			inputFileListPaths = (
				"${PODS_ROOT}/Target Support Files/Pods-stocks/Pods-stocks-frameworks-${CONFIGURATION}-input-files.xcfilelist",
			);
			name = "[CP] Embed Pods Frameworks";
			outputFileListPaths = (
				"${PODS_ROOT}/Target Support Files/Pods-stocks/Pods-stocks-frameworks-${CONFIGURATION}-output-files.xcfilelist",
			);
			runOnlyForDeploymentPostprocessing = 0;
			shellPath = /bin/sh;
			shellScript = "\"${PODS_ROOT}/Target Support Files/Pods-stocks/Pods-stocks-frameworks.sh\"\n";
			showEnvVarsInLog = 0;
		};
/* End PBXShellScriptBuildPhase section */

/* Begin PBXSourcesBuildPhase section */
		42759FB625DD705C00445ED4 /* Sources */ = {
			isa = PBXSourcesBuildPhase;
			buildActionMask = 2147483647;
			files = (
				42A4CC9D25E018090047071C /* Extensions.swift in Sources */,
				4267982525E78A5200871704 /* SceneDelegate.swift in Sources */,
				4222FF8D25E3FF0400953B00 /* NetworkService.swift in Sources */,
				42759FC225DD705C00445ED4 /* MainViewController.swift in Sources */,
				4222FF5425E3B81700953B00 /* StockModel.swift in Sources */,
				42759FBE25DD705C00445ED4 /* AppDelegate.swift in Sources */,
				426E48FB25EBAD9D00183163 /* TableViewCellsAnimation.swift in Sources */,
				426E48CA25EABC3E00183163 /* NetworkDataFetcher.swift in Sources */,
				42759FD425DD70F200445ED4 /* MainTableViewCell.swift in Sources */,
				4267983C25E7915200871704 /* StorageManager.swift in Sources */,
			);
			runOnlyForDeploymentPostprocessing = 0;
		};
/* End PBXSourcesBuildPhase section */

/* Begin PBXVariantGroup section */
		42759FC325DD705C00445ED4 /* Main.storyboard */ = {
			isa = PBXVariantGroup;
			children = (
				42759FC425DD705C00445ED4 /* Base */,
			);
			name = Main.storyboard;
			sourceTree = "<group>";
		};
		42759FC825DD705F00445ED4 /* LaunchScreen.storyboard */ = {
			isa = PBXVariantGroup;
			children = (
				42759FC925DD705F00445ED4 /* Base */,
			);
			name = LaunchScreen.storyboard;
			sourceTree = "<group>";
		};
/* End PBXVariantGroup section */

/* Begin XCBuildConfiguration section */
		42759FCC25DD705F00445ED4 /* Debug */ = {
			isa = XCBuildConfiguration;
			buildSettings = {
				ALWAYS_SEARCH_USER_PATHS = NO;
				CLANG_ANALYZER_NONNULL = YES;
				CLANG_ANALYZER_NUMBER_OBJECT_CONVERSION = YES_AGGRESSIVE;
				CLANG_CXX_LANGUAGE_STANDARD = "gnu++14";
				CLANG_CXX_LIBRARY = "libc++";
				CLANG_ENABLE_MODULES = YES;
				CLANG_ENABLE_OBJC_ARC = YES;
				CLANG_ENABLE_OBJC_WEAK = YES;
				CLANG_WARN_BLOCK_CAPTURE_AUTORELEASING = YES;
				CLANG_WARN_BOOL_CONVERSION = YES;
				CLANG_WARN_COMMA = YES;
				CLANG_WARN_CONSTANT_CONVERSION = YES;
				CLANG_WARN_DEPRECATED_OBJC_IMPLEMENTATIONS = YES;
				CLANG_WARN_DIRECT_OBJC_ISA_USAGE = YES_ERROR;
				CLANG_WARN_DOCUMENTATION_COMMENTS = YES;
				CLANG_WARN_EMPTY_BODY = YES;
				CLANG_WARN_ENUM_CONVERSION = YES;
				CLANG_WARN_INFINITE_RECURSION = YES;
				CLANG_WARN_INT_CONVERSION = YES;
				CLANG_WARN_NON_LITERAL_NULL_CONVERSION = YES;
				CLANG_WARN_OBJC_IMPLICIT_RETAIN_SELF = YES;
				CLANG_WARN_OBJC_LITERAL_CONVERSION = YES;
				CLANG_WARN_OBJC_ROOT_CLASS = YES_ERROR;
				CLANG_WARN_QUOTED_INCLUDE_IN_FRAMEWORK_HEADER = YES;
				CLANG_WARN_RANGE_LOOP_ANALYSIS = YES;
				CLANG_WARN_STRICT_PROTOTYPES = YES;
				CLANG_WARN_SUSPICIOUS_MOVE = YES;
				CLANG_WARN_UNGUARDED_AVAILABILITY = YES_AGGRESSIVE;
				CLANG_WARN_UNREACHABLE_CODE = YES;
				CLANG_WARN__DUPLICATE_METHOD_MATCH = YES;
				COPY_PHASE_STRIP = NO;
				DEBUG_INFORMATION_FORMAT = dwarf;
				ENABLE_STRICT_OBJC_MSGSEND = YES;
				ENABLE_TESTABILITY = YES;
				GCC_C_LANGUAGE_STANDARD = gnu11;
				GCC_DYNAMIC_NO_PIC = NO;
				GCC_NO_COMMON_BLOCKS = YES;
				GCC_OPTIMIZATION_LEVEL = 0;
				GCC_PREPROCESSOR_DEFINITIONS = (
					"DEBUG=1",
					"$(inherited)",
				);
				GCC_WARN_64_TO_32_BIT_CONVERSION = YES;
				GCC_WARN_ABOUT_RETURN_TYPE = YES_ERROR;
				GCC_WARN_UNDECLARED_SELECTOR = YES;
				GCC_WARN_UNINITIALIZED_AUTOS = YES_AGGRESSIVE;
				GCC_WARN_UNUSED_FUNCTION = YES;
				GCC_WARN_UNUSED_VARIABLE = YES;
				IPHONEOS_DEPLOYMENT_TARGET = 14.3;
				MTL_ENABLE_DEBUG_INFO = INCLUDE_SOURCE;
				MTL_FAST_MATH = YES;
				ONLY_ACTIVE_ARCH = YES;
				SDKROOT = iphoneos;
				SWIFT_ACTIVE_COMPILATION_CONDITIONS = DEBUG;
				SWIFT_OPTIMIZATION_LEVEL = "-Onone";
			};
			name = Debug;
		};
		42759FCD25DD705F00445ED4 /* Release */ = {
			isa = XCBuildConfiguration;
			buildSettings = {
				ALWAYS_SEARCH_USER_PATHS = NO;
				CLANG_ANALYZER_NONNULL = YES;
				CLANG_ANALYZER_NUMBER_OBJECT_CONVERSION = YES_AGGRESSIVE;
				CLANG_CXX_LANGUAGE_STANDARD = "gnu++14";
				CLANG_CXX_LIBRARY = "libc++";
				CLANG_ENABLE_MODULES = YES;
				CLANG_ENABLE_OBJC_ARC = YES;
				CLANG_ENABLE_OBJC_WEAK = YES;
				CLANG_WARN_BLOCK_CAPTURE_AUTORELEASING = YES;
				CLANG_WARN_BOOL_CONVERSION = YES;
				CLANG_WARN_COMMA = YES;
				CLANG_WARN_CONSTANT_CONVERSION = YES;
				CLANG_WARN_DEPRECATED_OBJC_IMPLEMENTATIONS = YES;
				CLANG_WARN_DIRECT_OBJC_ISA_USAGE = YES_ERROR;
				CLANG_WARN_DOCUMENTATION_COMMENTS = YES;
				CLANG_WARN_EMPTY_BODY = YES;
				CLANG_WARN_ENUM_CONVERSION = YES;
				CLANG_WARN_INFINITE_RECURSION = YES;
				CLANG_WARN_INT_CONVERSION = YES;
				CLANG_WARN_NON_LITERAL_NULL_CONVERSION = YES;
				CLANG_WARN_OBJC_IMPLICIT_RETAIN_SELF = YES;
				CLANG_WARN_OBJC_LITERAL_CONVERSION = YES;
				CLANG_WARN_OBJC_ROOT_CLASS = YES_ERROR;
				CLANG_WARN_QUOTED_INCLUDE_IN_FRAMEWORK_HEADER = YES;
				CLANG_WARN_RANGE_LOOP_ANALYSIS = YES;
				CLANG_WARN_STRICT_PROTOTYPES = YES;
				CLANG_WARN_SUSPICIOUS_MOVE = YES;
				CLANG_WARN_UNGUARDED_AVAILABILITY = YES_AGGRESSIVE;
				CLANG_WARN_UNREACHABLE_CODE = YES;
				CLANG_WARN__DUPLICATE_METHOD_MATCH = YES;
				COPY_PHASE_STRIP = NO;
				DEBUG_INFORMATION_FORMAT = "dwarf-with-dsym";
				ENABLE_NS_ASSERTIONS = NO;
				ENABLE_STRICT_OBJC_MSGSEND = YES;
				GCC_C_LANGUAGE_STANDARD = gnu11;
				GCC_NO_COMMON_BLOCKS = YES;
				GCC_WARN_64_TO_32_BIT_CONVERSION = YES;
				GCC_WARN_ABOUT_RETURN_TYPE = YES_ERROR;
				GCC_WARN_UNDECLARED_SELECTOR = YES;
				GCC_WARN_UNINITIALIZED_AUTOS = YES_AGGRESSIVE;
				GCC_WARN_UNUSED_FUNCTION = YES;
				GCC_WARN_UNUSED_VARIABLE = YES;
				IPHONEOS_DEPLOYMENT_TARGET = 14.3;
				MTL_ENABLE_DEBUG_INFO = NO;
				MTL_FAST_MATH = YES;
				SDKROOT = iphoneos;
				SWIFT_COMPILATION_MODE = wholemodule;
				SWIFT_OPTIMIZATION_LEVEL = "-O";
				VALIDATE_PRODUCT = YES;
			};
			name = Release;
		};
		42759FCF25DD705F00445ED4 /* Debug */ = {
			isa = XCBuildConfiguration;
			baseConfigurationReference = A9385EBB565E83853CC7C969 /* Pods-stocks.debug.xcconfig */;
			buildSettings = {
				ALWAYS_EMBED_SWIFT_STANDARD_LIBRARIES = NO;
				ASSETCATALOG_COMPILER_APPICON_NAME = AppIcon;
				ASSETCATALOG_COMPILER_GLOBAL_ACCENT_COLOR_NAME = AccentColor;
				CODE_SIGN_STYLE = Automatic;
				DEVELOPMENT_TEAM = M9U82X9XHA;
				INFOPLIST_FILE = stocks/Info.plist;
				IPHONEOS_DEPLOYMENT_TARGET = 13.0;
				LD_RUNPATH_SEARCH_PATHS = (
					"$(inherited)",
					"@executable_path/Frameworks",
				);
				PRODUCT_BUNDLE_IDENTIFIER = KostarevKirillPavlovich.Stocks;
				PRODUCT_NAME = "$(TARGET_NAME)";
				SWIFT_VERSION = 5.0;
				TARGETED_DEVICE_FAMILY = 1;
			};
			name = Debug;
		};
		42759FD025DD705F00445ED4 /* Release */ = {
			isa = XCBuildConfiguration;
			baseConfigurationReference = EC437869568233953C03C001 /* Pods-stocks.release.xcconfig */;
			buildSettings = {
				ALWAYS_EMBED_SWIFT_STANDARD_LIBRARIES = NO;
				ASSETCATALOG_COMPILER_APPICON_NAME = AppIcon;
				ASSETCATALOG_COMPILER_GLOBAL_ACCENT_COLOR_NAME = AccentColor;
				CODE_SIGN_STYLE = Automatic;
				DEVELOPMENT_TEAM = M9U82X9XHA;
				INFOPLIST_FILE = stocks/Info.plist;
				IPHONEOS_DEPLOYMENT_TARGET = 13.0;
				LD_RUNPATH_SEARCH_PATHS = (
					"$(inherited)",
					"@executable_path/Frameworks",
				);
				PRODUCT_BUNDLE_IDENTIFIER = KostarevKirillPavlovich.Stocks;
				PRODUCT_NAME = "$(TARGET_NAME)";
				SWIFT_VERSION = 5.0;
				TARGETED_DEVICE_FAMILY = 1;
			};
			name = Release;
		};
/* End XCBuildConfiguration section */

/* Begin XCConfigurationList section */
		42759FB525DD705C00445ED4 /* Build configuration list for PBXProject "stocks" */ = {
			isa = XCConfigurationList;
			buildConfigurations = (
				42759FCC25DD705F00445ED4 /* Debug */,
				42759FCD25DD705F00445ED4 /* Release */,
			);
			defaultConfigurationIsVisible = 0;
			defaultConfigurationName = Release;
		};
		42759FCE25DD705F00445ED4 /* Build configuration list for PBXNativeTarget "stocks" */ = {
			isa = XCConfigurationList;
			buildConfigurations = (
				42759FCF25DD705F00445ED4 /* Debug */,
				42759FD025DD705F00445ED4 /* Release */,
			);
			defaultConfigurationIsVisible = 0;
			defaultConfigurationName = Release;
		};
/* End XCConfigurationList section */
	};
	rootObject = 42759FB225DD705C00445ED4 /* Project object */;
}
